
Microsoft Visual Studio Solution File, Format Version 12.00
# Visual Studio Version 17
VisualStudioVersion = 17.14.36717.8 d17.14
MinimumVisualStudioVersion = 10.0.40219.1
Project("{FAE04EC0-301F-11D3-BF4B-00C04F79EFBC}") = "Lab 5", "Lab 5.csproj", "{3BC50C49-E775-45B0-9F65-317B380A4130}"
EndProject
Global
	GlobalSection(SolutionConfigurationPlatforms) = preSolution
		Debug|Any CPU = Debug|Any CPU
		Release|Any CPU = Release|Any CPU
	EndGlobalSection
	GlobalSection(ProjectConfigurationPlatforms) = postSolution
		{3BC50C49-E775-45B0-9F65-317B380A4130}.Debug|Any CPU.ActiveCfg = Debug|Any CPU
		{3BC50C49-E775-45B0-9F65-317B380A4130}.Debug|Any CPU.Build.0 = Debug|Any CPU
		{3BC50C49-E775-45B0-9F65-317B380A4130}.Release|Any CPU.ActiveCfg = Release|Any CPU
		{3BC50C49-E775-45B0-9F65-317B380A4130}.Release|Any CPU.Build.0 = Release|Any CPU
	EndGlobalSection
	GlobalSection(SolutionProperties) = preSolution
		HideSolutionNode = FALSE
	EndGlobalSection
	GlobalSection(ExtensibilityGlobals) = postSolution
		SolutionGuid = {4DFA6136-552A-461C-A0B7-93A085CB82E0}
	EndGlobalSection
EndGlobal
