
Microsoft Visual Studio Solution File, Format Version 12.00
# Visual Studio Version 17
VisualStudioVersion = 17.14.37502.11 d17.14
MinimumVisualStudioVersion = 10.0.40219.1
Project("{FAE04EC0-301F-11D3-BF4B-00C04F79EFBC}") = "ApiDemo", "ApiDemo.csproj", "{A588D9D8-4A8B-4E71-8FA0-53579B47C1BF}"
EndProject
Global
	GlobalSection(SolutionConfigurationPlatforms) = preSolution
		Debug|Any CPU = Debug|Any CPU
		Release|Any CPU = Release|Any CPU
	EndGlobalSection
	GlobalSection(ProjectConfigurationPlatforms) = postSolution
		{A588D9D8-4A8B-4E71-8FA0-53579B47C1BF}.Debug|Any CPU.ActiveCfg = Debug|Any CPU
		{A588D9D8-4A8B-4E71-8FA0-53579B47C1BF}.Debug|Any CPU.Build.0 = Debug|Any CPU
		{A588D9D8-4A8B-4E71-8FA0-53579B47C1BF}.Release|Any CPU.ActiveCfg = Release|Any CPU
		{A588D9D8-4A8B-4E71-8FA0-53579B47C1BF}.Release|Any CPU.Build.0 = Release|Any CPU
	EndGlobalSection
	GlobalSection(SolutionProperties) = preSolution
		HideSolutionNode = FALSE
	EndGlobalSection
	GlobalSection(ExtensibilityGlobals) = postSolution
		SolutionGuid = {735EEE3D-7980-452F-9C2D-025840E4ACA5}
	EndGlobalSection
EndGlobal
