
Microsoft Visual Studio Solution File, Format Version 12.00
# Visual Studio Version 17
VisualStudioVersion = 17.14.36717.8 d17.14
MinimumVisualStudioVersion = 10.0.40219.1
Project("{FAE04EC0-301F-11D3-BF4B-00C04F79EFBC}") = "Basic concept of .Net", "Basic concept of .Net.csproj", "{BBC5FEA8-8469-448F-AD63-2DF27B5A074D}"
EndProject
Global
	GlobalSection(SolutionConfigurationPlatforms) = preSolution
		Debug|Any CPU = Debug|Any CPU
		Release|Any CPU = Release|Any CPU
	EndGlobalSection
	GlobalSection(ProjectConfigurationPlatforms) = postSolution
		{BBC5FEA8-8469-448F-AD63-2DF27B5A074D}.Debug|Any CPU.ActiveCfg = Debug|Any CPU
		{BBC5FEA8-8469-448F-AD63-2DF27B5A074D}.Debug|Any CPU.Build.0 = Debug|Any CPU
		{BBC5FEA8-8469-448F-AD63-2DF27B5A074D}.Release|Any CPU.ActiveCfg = Release|Any CPU
		{BBC5FEA8-8469-448F-AD63-2DF27B5A074D}.Release|Any CPU.Build.0 = Release|Any CPU
	EndGlobalSection
	GlobalSection(SolutionProperties) = preSolution
		HideSolutionNode = FALSE
	EndGlobalSection
	GlobalSection(ExtensibilityGlobals) = postSolution
		SolutionGuid = {BC1D48B4-0894-4197-AAFB-DC63E9AA37EC}
	EndGlobalSection
EndGlobal
